
Microsoft Visual Studio Solution File, Format Version 12.00
# Visual Studio Version 16
VisualStudioVersion = 16.0.29215.179
MinimumVisualStudioVersion = 10.0.40219.1
Project("{FAE04EC0-301F-11D3-BF4B-00C04F79EFBC}") = "Practical2", "Practical2\Practical2.csproj", "{10476B15-DF23-4016-96DF-6C6897EA4E9D}"
EndProject
Global
	GlobalSection(SolutionConfigurationPlatforms) = preSolution
		Debug|Any CPU = Debug|Any CPU
		Release|Any CPU = Release|Any CPU
	EndGlobalSection
	GlobalSection(ProjectConfigurationPlatforms) = postSolution
		{10476B15-DF23-4016-96DF-6C6897EA4E9D}.Debug|Any CPU.ActiveCfg = Debug|Any CPU
		{10476B15-DF23-4016-96DF-6C6897EA4E9D}.Debug|Any CPU.Build.0 = Debug|Any CPU
		{10476B15-DF23-4016-96DF-6C6897EA4E9D}.Release|Any CPU.ActiveCfg = Release|Any CPU
		{10476B15-DF23-4016-96DF-6C6897EA4E9D}.Release|Any CPU.Build.0 = Release|Any CPU
	EndGlobalSection
	GlobalSection(SolutionProperties) = preSolution
		HideSolutionNode = FALSE
	EndGlobalSection
	GlobalSection(ExtensibilityGlobals) = postSolution
		SolutionGuid = {E41814AB-01F8-44C1-B39D-4523D2175833}
	EndGlobalSection
EndGlobal
