
Microsoft Visual Studio Solution File, Format Version 12.00
# Visual Studio Version 16
VisualStudioVersion = 16.0.29326.143
MinimumVisualStudioVersion = 10.0.40219.1
Project("{FAE04EC0-301F-11D3-BF4B-00C04F79EFBC}") = "StudentApp", "StudentApp\StudentApp.csproj", "{36032DDA-42AF-41F4-B332-AEB842586883}"
EndProject
Project("{FAE04EC0-301F-11D3-BF4B-00C04F79EFBC}") = "StudentApp.Core", "StudentApp.Core\StudentApp.Core.csproj", "{897965B5-D4EE-4954-99AB-1058E99544E6}"
EndProject
Project("{FAE04EC0-301F-11D3-BF4B-00C04F79EFBC}") = "StudentApp.Data", "StudentApp.Data\StudentApp.Data.csproj", "{7C7538FC-711D-4DD2-BAC1-4C721432C5BC}"
EndProject
Global
	GlobalSection(SolutionConfigurationPlatforms) = preSolution
		Debug|Any CPU = Debug|Any CPU
		Release|Any CPU = Release|Any CPU
	EndGlobalSection
	GlobalSection(ProjectConfigurationPlatforms) = postSolution
		{36032DDA-42AF-41F4-B332-AEB842586883}.Debug|Any CPU.ActiveCfg = Debug|Any CPU
		{36032DDA-42AF-41F4-B332-AEB842586883}.Debug|Any CPU.Build.0 = Debug|Any CPU
		{36032DDA-42AF-41F4-B332-AEB842586883}.Release|Any CPU.ActiveCfg = Release|Any CPU
		{36032DDA-42AF-41F4-B332-AEB842586883}.Release|Any CPU.Build.0 = Release|Any CPU
		{897965B5-D4EE-4954-99AB-1058E99544E6}.Debug|Any CPU.ActiveCfg = Debug|Any CPU
		{897965B5-D4EE-4954-99AB-1058E99544E6}.Debug|Any CPU.Build.0 = Debug|Any CPU
		{897965B5-D4EE-4954-99AB-1058E99544E6}.Release|Any CPU.ActiveCfg = Release|Any CPU
		{897965B5-D4EE-4954-99AB-1058E99544E6}.Release|Any CPU.Build.0 = Release|Any CPU
		{7C7538FC-711D-4DD2-BAC1-4C721432C5BC}.Debug|Any CPU.ActiveCfg = Debug|Any CPU
		{7C7538FC-711D-4DD2-BAC1-4C721432C5BC}.Debug|Any CPU.Build.0 = Debug|Any CPU
		{7C7538FC-711D-4DD2-BAC1-4C721432C5BC}.Release|Any CPU.ActiveCfg = Release|Any CPU
		{7C7538FC-711D-4DD2-BAC1-4C721432C5BC}.Release|Any CPU.Build.0 = Release|Any CPU
	EndGlobalSection
	GlobalSection(SolutionProperties) = preSolution
		HideSolutionNode = FALSE
	EndGlobalSection
	GlobalSection(ExtensibilityGlobals) = postSolution
		SolutionGuid = {F1DC1CF1-A633-4067-89E8-95FCC13C3A65}
	EndGlobalSection
EndGlobal
