
Microsoft Visual Studio Solution File, Format Version 12.00
# Visual Studio Version 16
VisualStudioVersion = 16.0.29326.143
MinimumVisualStudioVersion = 10.0.40219.1
Project("{FAE04EC0-301F-11D3-BF4B-00C04F79EFBC}") = "MySelfApp", "MySelfApp\MySelfApp.csproj", "{7A295BD3-5C63-45BD-81D0-8681347B431F}"
EndProject
Project("{FAE04EC0-301F-11D3-BF4B-00C04F79EFBC}") = "Myself.Data", "Myself.Data\Myself.Data.csproj", "{06A348E7-907A-4FB5-80D9-A34F2E088EB6}"
EndProject
Project("{FAE04EC0-301F-11D3-BF4B-00C04F79EFBC}") = "Myself", "Myself\Myself.csproj", "{5B11669B-9E14-4BFF-A950-15883E416BCE}"
EndProject
Global
	GlobalSection(SolutionConfigurationPlatforms) = preSolution
		Debug|Any CPU = Debug|Any CPU
		Release|Any CPU = Release|Any CPU
	EndGlobalSection
	GlobalSection(ProjectConfigurationPlatforms) = postSolution
		{7A295BD3-5C63-45BD-81D0-8681347B431F}.Debug|Any CPU.ActiveCfg = Debug|Any CPU
		{7A295BD3-5C63-45BD-81D0-8681347B431F}.Debug|Any CPU.Build.0 = Debug|Any CPU
		{7A295BD3-5C63-45BD-81D0-8681347B431F}.Release|Any CPU.ActiveCfg = Release|Any CPU
		{7A295BD3-5C63-45BD-81D0-8681347B431F}.Release|Any CPU.Build.0 = Release|Any CPU
		{06A348E7-907A-4FB5-80D9-A34F2E088EB6}.Debug|Any CPU.ActiveCfg = Debug|Any CPU
		{06A348E7-907A-4FB5-80D9-A34F2E088EB6}.Debug|Any CPU.Build.0 = Debug|Any CPU
		{06A348E7-907A-4FB5-80D9-A34F2E088EB6}.Release|Any CPU.ActiveCfg = Release|Any CPU
		{06A348E7-907A-4FB5-80D9-A34F2E088EB6}.Release|Any CPU.Build.0 = Release|Any CPU
		{5B11669B-9E14-4BFF-A950-15883E416BCE}.Debug|Any CPU.ActiveCfg = Debug|Any CPU
		{5B11669B-9E14-4BFF-A950-15883E416BCE}.Debug|Any CPU.Build.0 = Debug|Any CPU
		{5B11669B-9E14-4BFF-A950-15883E416BCE}.Release|Any CPU.ActiveCfg = Release|Any CPU
		{5B11669B-9E14-4BFF-A950-15883E416BCE}.Release|Any CPU.Build.0 = Release|Any CPU
	EndGlobalSection
	GlobalSection(SolutionProperties) = preSolution
		HideSolutionNode = FALSE
	EndGlobalSection
	GlobalSection(ExtensibilityGlobals) = postSolution
		SolutionGuid = {FA31D1D4-9A55-47F2-945A-87CFD5E15C0C}
	EndGlobalSection
EndGlobal
