
Microsoft Visual Studio Solution File, Format Version 12.00
# Visual Studio Version 16
VisualStudioVersion = 16.0.29409.12
MinimumVisualStudioVersion = 10.0.40219.1
Project("{FAE04EC0-301F-11D3-BF4B-00C04F79EFBC}") = "WebApplication01", "WebApplication01\WebApplication01.csproj", "{9F95E7EA-FA01-4D1F-B55C-60972CB75F99}"
EndProject
Project("{FAE04EC0-301F-11D3-BF4B-00C04F79EFBC}") = "StudentApp.Core", "StudentApp.Core\StudentApp.Core.csproj", "{CBB1BE7E-8EB1-4BE5-B920-3B24D4847F12}"
EndProject
Project("{FAE04EC0-301F-11D3-BF4B-00C04F79EFBC}") = "StudentApp.Data", "StudentApp.Data\StudentApp.Data.csproj", "{B601E9F1-ABA3-474C-B0F8-728C65EB1D40}"
EndProject
Global
	GlobalSection(SolutionConfigurationPlatforms) = preSolution
		Debug|Any CPU = Debug|Any CPU
		Release|Any CPU = Release|Any CPU
	EndGlobalSection
	GlobalSection(ProjectConfigurationPlatforms) = postSolution
		{9F95E7EA-FA01-4D1F-B55C-60972CB75F99}.Debug|Any CPU.ActiveCfg = Debug|Any CPU
		{9F95E7EA-FA01-4D1F-B55C-60972CB75F99}.Debug|Any CPU.Build.0 = Debug|Any CPU
		{9F95E7EA-FA01-4D1F-B55C-60972CB75F99}.Release|Any CPU.ActiveCfg = Release|Any CPU
		{9F95E7EA-FA01-4D1F-B55C-60972CB75F99}.Release|Any CPU.Build.0 = Release|Any CPU
		{CBB1BE7E-8EB1-4BE5-B920-3B24D4847F12}.Debug|Any CPU.ActiveCfg = Debug|Any CPU
		{CBB1BE7E-8EB1-4BE5-B920-3B24D4847F12}.Debug|Any CPU.Build.0 = Debug|Any CPU
		{CBB1BE7E-8EB1-4BE5-B920-3B24D4847F12}.Release|Any CPU.ActiveCfg = Release|Any CPU
		{CBB1BE7E-8EB1-4BE5-B920-3B24D4847F12}.Release|Any CPU.Build.0 = Release|Any CPU
		{B601E9F1-ABA3-474C-B0F8-728C65EB1D40}.Debug|Any CPU.ActiveCfg = Debug|Any CPU
		{B601E9F1-ABA3-474C-B0F8-728C65EB1D40}.Debug|Any CPU.Build.0 = Debug|Any CPU
		{B601E9F1-ABA3-474C-B0F8-728C65EB1D40}.Release|Any CPU.ActiveCfg = Release|Any CPU
		{B601E9F1-ABA3-474C-B0F8-728C65EB1D40}.Release|Any CPU.Build.0 = Release|Any CPU
	EndGlobalSection
	GlobalSection(SolutionProperties) = preSolution
		HideSolutionNode = FALSE
	EndGlobalSection
	GlobalSection(ExtensibilityGlobals) = postSolution
		SolutionGuid = {42778588-D578-47B6-9D90-3492356E616F}
	EndGlobalSection
EndGlobal
