
Microsoft Visual Studio Solution File, Format Version 12.00
# Visual Studio Version 16
VisualStudioVersion = 16.0.29215.179
MinimumVisualStudioVersion = 10.0.40219.1
Project("{FAE04EC0-301F-11D3-BF4B-00C04F79EFBC}") = "Verhicles", "Verhicles\Verhicles.csproj", "{1D773BF7-3937-445F-B19E-300F07CFD8FF}"
EndProject
Global
	GlobalSection(SolutionConfigurationPlatforms) = preSolution
		Debug|Any CPU = Debug|Any CPU
		Release|Any CPU = Release|Any CPU
	EndGlobalSection
	GlobalSection(ProjectConfigurationPlatforms) = postSolution
		{1D773BF7-3937-445F-B19E-300F07CFD8FF}.Debug|Any CPU.ActiveCfg = Debug|Any CPU
		{1D773BF7-3937-445F-B19E-300F07CFD8FF}.Debug|Any CPU.Build.0 = Debug|Any CPU
		{1D773BF7-3937-445F-B19E-300F07CFD8FF}.Release|Any CPU.ActiveCfg = Release|Any CPU
		{1D773BF7-3937-445F-B19E-300F07CFD8FF}.Release|Any CPU.Build.0 = Release|Any CPU
	EndGlobalSection
	GlobalSection(SolutionProperties) = preSolution
		HideSolutionNode = FALSE
	EndGlobalSection
	GlobalSection(ExtensibilityGlobals) = postSolution
		SolutionGuid = {05EE2CB6-F841-4806-889C-4FC2A2410CF2}
	EndGlobalSection
EndGlobal
