
Microsoft Visual Studio Solution File, Format Version 12.00
# Visual Studio Version 16
VisualStudioVersion = 16.0.29215.179
MinimumVisualStudioVersion = 10.0.40219.1
Project("{FAE04EC0-301F-11D3-BF4B-00C04F79EFBC}") = "Exercise1_2", "Practical1\Exercise1_2.csproj", "{94065AD4-B5C1-49EC-8778-2503EE49BC1F}"
EndProject
Project("{FAE04EC0-301F-11D3-BF4B-00C04F79EFBC}") = "Exercise3", "Exercise3\Exercise3.csproj", "{75D3CD47-F389-4612-A1CE-41CFF2E36466}"
EndProject
Project("{FAE04EC0-301F-11D3-BF4B-00C04F79EFBC}") = "Exercise5", "Exercise5\Exercise5.csproj", "{B79F74E3-F228-4A99-9CBE-FF28892A675D}"
EndProject
Project("{FAE04EC0-301F-11D3-BF4B-00C04F79EFBC}") = "Exercise4", "Exercise4\Exercise4.csproj", "{6B008838-A50D-412A-8CEB-F7966F930195}"
EndProject
Global
	GlobalSection(SolutionConfigurationPlatforms) = preSolution
		Debug|Any CPU = Debug|Any CPU
		Release|Any CPU = Release|Any CPU
	EndGlobalSection
	GlobalSection(ProjectConfigurationPlatforms) = postSolution
		{94065AD4-B5C1-49EC-8778-2503EE49BC1F}.Debug|Any CPU.ActiveCfg = Debug|Any CPU
		{94065AD4-B5C1-49EC-8778-2503EE49BC1F}.Debug|Any CPU.Build.0 = Debug|Any CPU
		{94065AD4-B5C1-49EC-8778-2503EE49BC1F}.Release|Any CPU.ActiveCfg = Release|Any CPU
		{94065AD4-B5C1-49EC-8778-2503EE49BC1F}.Release|Any CPU.Build.0 = Release|Any CPU
		{75D3CD47-F389-4612-A1CE-41CFF2E36466}.Debug|Any CPU.ActiveCfg = Debug|Any CPU
		{75D3CD47-F389-4612-A1CE-41CFF2E36466}.Debug|Any CPU.Build.0 = Debug|Any CPU
		{75D3CD47-F389-4612-A1CE-41CFF2E36466}.Release|Any CPU.ActiveCfg = Release|Any CPU
		{75D3CD47-F389-4612-A1CE-41CFF2E36466}.Release|Any CPU.Build.0 = Release|Any CPU
		{B79F74E3-F228-4A99-9CBE-FF28892A675D}.Debug|Any CPU.ActiveCfg = Debug|Any CPU
		{B79F74E3-F228-4A99-9CBE-FF28892A675D}.Debug|Any CPU.Build.0 = Debug|Any CPU
		{B79F74E3-F228-4A99-9CBE-FF28892A675D}.Release|Any CPU.ActiveCfg = Release|Any CPU
		{B79F74E3-F228-4A99-9CBE-FF28892A675D}.Release|Any CPU.Build.0 = Release|Any CPU
		{6B008838-A50D-412A-8CEB-F7966F930195}.Debug|Any CPU.ActiveCfg = Debug|Any CPU
		{6B008838-A50D-412A-8CEB-F7966F930195}.Debug|Any CPU.Build.0 = Debug|Any CPU
		{6B008838-A50D-412A-8CEB-F7966F930195}.Release|Any CPU.ActiveCfg = Release|Any CPU
		{6B008838-A50D-412A-8CEB-F7966F930195}.Release|Any CPU.Build.0 = Release|Any CPU
	EndGlobalSection
	GlobalSection(SolutionProperties) = preSolution
		HideSolutionNode = FALSE
	EndGlobalSection
	GlobalSection(ExtensibilityGlobals) = postSolution
		SolutionGuid = {A254B6E7-7BE7-4A72-9EB6-BA95E8EEE251}
	EndGlobalSection
EndGlobal
